<?xml version="1.0" encoding="utf-8"?>
<Project ToolsVersion="4.0" xmlns="http://schemas.microsoft.com/developer/msbuild/2003">
  <ItemGroup>
    <Filter Include="소스 파일">
      <UniqueIdentifier>{4FC737F1-C7A5-4376-A066-2A32D752A2FF}</UniqueIdentifier>
      <Extensions>cpp;c;cc;cxx;c++;cppm;ixx;def;odl;idl;hpj;bat;asm;asmx</Extensions>
    </Filter>
    <Filter Include="헤더 파일">
      <UniqueIdentifier>{93995380-89BD-4b04-88EB-625FBE52EBFB}</UniqueIdentifier>
      <Extensions>h;hh;hpp;hxx;h++;hm;inl;inc;ipp;xsd</Extensions>
    </Filter>
    <Filter Include="리소스 파일">
      <UniqueIdentifier>{67DA6AB6-F800-4c08-8B7A-83BB121AAD01}</UniqueIdentifier>
      <Extensions>rc;ico;cur;bmp;dlg;rc2;rct;bin;rgs;gif;jpg;jpeg;jpe;resx;tiff;tif;png;wav;mfcribbon-ms</Extensions>
    </Filter>
    <Filter Include="소스 파일\GameObject">
      <UniqueIdentifier>{aea02f23-eb6f-414a-8b36-2092ebc983c7}</UniqueIdentifier>
    </Filter>
    <Filter Include="소스 파일\State">
      <UniqueIdentifier>{67334e2b-988e-4104-b087-07991c0dae45}</UniqueIdentifier>
    </Filter>
    <Filter Include="소스 파일\State\EnemyState">
      <UniqueIdentifier>{ce48d78f-86a4-4283-b612-288c249c6553}</UniqueIdentifier>
    </Filter>
    <Filter Include="소스 파일\State\PlayerState">
      <UniqueIdentifier>{aebb3deb-d57f-4c0c-866c-8b6a6183f08a}</UniqueIdentifier>
    </Filter>
    <Filter Include="소스 파일\Players">
      <UniqueIdentifier>{95618591-e988-45ca-b0a9-ab9e0edbd532}</UniqueIdentifier>
    </Filter>
    <Filter Include="소스 파일\PlayersState">
      <UniqueIdentifier>{c1653ca7-35a6-4d27-9a5b-727480706690}</UniqueIdentifier>
    </Filter>
  </ItemGroup>
  <ItemGroup>
    <ClInclude Include="framework.h">
      <Filter>헤더 파일</Filter>
    </ClInclude>
    <ClInclude Include="targetver.h">
      <Filter>헤더 파일</Filter>
    </ClInclude>
    <ClInclude Include="Resource.h">
      <Filter>헤더 파일</Filter>
    </ClInclude>
    <ClInclude Include="D2DProject.h">
      <Filter>헤더 파일</Filter>
    </ClInclude>
    <ClInclude Include="DemoApp.h">
      <Filter>헤더 파일</Filter>
    </ClInclude>
    <ClInclude Include="Player.h">
      <Filter>소스 파일\GameObject</Filter>
    </ClInclude>
    <ClInclude Include="Enemy.h">
      <Filter>소스 파일\GameObject</Filter>
    </ClInclude>
    <ClInclude Include="AttackState.h">
      <Filter>소스 파일\State\PlayerState</Filter>
    </ClInclude>
    <ClInclude Include="DeathState.h">
      <Filter>소스 파일\State\PlayerState</Filter>
    </ClInclude>
    <ClInclude Include="IdleState.h">
      <Filter>소스 파일\State\PlayerState</Filter>
    </ClInclude>
    <ClInclude Include="MoveState.h">
      <Filter>소스 파일\State\PlayerState</Filter>
    </ClInclude>
    <ClInclude Include="EAttackState.h">
      <Filter>소스 파일\State\EnemyState</Filter>
    </ClInclude>
    <ClInclude Include="EIdleState.h">
      <Filter>소스 파일\State\EnemyState</Filter>
    </ClInclude>
    <ClInclude Include="EMoveState.h">
      <Filter>소스 파일\State\EnemyState</Filter>
    </ClInclude>
    <ClInclude Include="IEnemyState.h">
      <Filter>소스 파일\State\EnemyState</Filter>
    </ClInclude>
    <ClInclude Include="FPlayer.h">
      <Filter>소스 파일\Players</Filter>
    </ClInclude>
    <ClInclude Include="SPlayer.h">
      <Filter>소스 파일\Players</Filter>
    </ClInclude>
    <ClInclude Include="DRun.h">
      <Filter>소스 파일\PlayersState</Filter>
    </ClInclude>
    <ClInclude Include="Attack.h">
      <Filter>소스 파일\PlayersState</Filter>
    </ClInclude>
    <ClInclude Include="Jump.h">
      <Filter>소스 파일\PlayersState</Filter>
    </ClInclude>
    <ClInclude Include="SDRun.h">
      <Filter>소스 파일\PlayersState</Filter>
    </ClInclude>
    <ClInclude Include="FDRun.h">
      <Filter>소스 파일\PlayersState</Filter>
    </ClInclude>
    <ClInclude Include="Idle.h">
      <Filter>소스 파일\PlayersState</Filter>
    </ClInclude>
    <ClInclude Include="IPlayerState.h">
      <Filter>헤더 파일</Filter>
    </ClInclude>
    <ClInclude Include="Object.h">
      <Filter>소스 파일\GameObject</Filter>
    </ClInclude>
    <ClInclude Include="Background.h">
      <Filter>소스 파일\GameObject</Filter>
    </ClInclude>
  </ItemGroup>
  <ItemGroup>
    <ClCompile Include="Player.cpp">
      <Filter>소스 파일\GameObject</Filter>
    </ClCompile>
    <ClCompile Include="Enemy.cpp">
      <Filter>소스 파일\GameObject</Filter>
    </ClCompile>
    <ClCompile Include="DemoApp.cpp">
      <Filter>소스 파일</Filter>
    </ClCompile>
    <ClCompile Include="main.cpp">
      <Filter>소스 파일</Filter>
    </ClCompile>
    <ClCompile Include="IdleState.cpp">
      <Filter>소스 파일\State\PlayerState</Filter>
    </ClCompile>
    <ClCompile Include="AttackState.cpp">
      <Filter>소스 파일\State\PlayerState</Filter>
    </ClCompile>
    <ClCompile Include="MoveState.cpp">
      <Filter>소스 파일\State\PlayerState</Filter>
    </ClCompile>
    <ClCompile Include="DeathState.cpp">
      <Filter>소스 파일\State\PlayerState</Filter>
    </ClCompile>
    <ClCompile Include="EAttackState.cpp">
      <Filter>소스 파일\State\EnemyState</Filter>
    </ClCompile>
    <ClCompile Include="EIdleState.cpp">
      <Filter>소스 파일\State\EnemyState</Filter>
    </ClCompile>
    <ClCompile Include="EMoveState.cpp">
      <Filter>소스 파일\State\EnemyState</Filter>
    </ClCompile>
    <ClCompile Include="IEnemyState.cpp">
      <Filter>소스 파일\State\EnemyState</Filter>
    </ClCompile>
    <ClCompile Include="FPlayer.cpp">
      <Filter>소스 파일\Players</Filter>
    </ClCompile>
    <ClCompile Include="SPlayer.cpp">
      <Filter>소스 파일\Players</Filter>
    </ClCompile>
    <ClCompile Include="DRun.cpp">
      <Filter>소스 파일\PlayersState</Filter>
    </ClCompile>
    <ClCompile Include="Attack.cpp">
      <Filter>소스 파일\PlayersState</Filter>
    </ClCompile>
    <ClCompile Include="Jump.cpp">
      <Filter>소스 파일\PlayersState</Filter>
    </ClCompile>
    <ClCompile Include="SDRun.cpp">
      <Filter>소스 파일\PlayersState</Filter>
    </ClCompile>
    <ClCompile Include="FDRun.cpp">
      <Filter>소스 파일\PlayersState</Filter>
    </ClCompile>
    <ClCompile Include="Idle.cpp">
      <Filter>소스 파일\PlayersState</Filter>
    </ClCompile>
    <ClCompile Include="IPlayerState.cpp">
      <Filter>소스 파일</Filter>
    </ClCompile>
    <ClCompile Include="Object.cpp">
      <Filter>소스 파일\GameObject</Filter>
    </ClCompile>
    <ClCompile Include="Background.cpp">
      <Filter>소스 파일\GameObject</Filter>
    </ClCompile>
  </ItemGroup>
  <ItemGroup>
    <ResourceCompile Include="D2DProject.rc">
      <Filter>리소스 파일</Filter>
    </ResourceCompile>
  </ItemGroup>
  <ItemGroup>
    <Image Include="small.ico">
      <Filter>리소스 파일</Filter>
    </Image>
    <Image Include="D2DProject.ico">
      <Filter>리소스 파일</Filter>
    </Image>
  </ItemGroup>
</Project>